
Microsoft Visual Studio Solution File, Format Version 12.00
# Visual Studio 14
VisualStudioVersion = 14.0.25420.1
MinimumVisualStudioVersion = 10.0.40219.1
Project("{FAE04EC0-301F-11D3-BF4B-00C04F79EFBC}") = "TextAnalyticsBot.WebApi", "TextAnalyticsBot.WebApi\TextAnalyticsBot.WebApi.csproj", "{A8BA1066-5695-4D71-ABB4-65E5A5E0C3D4}"
EndProject
Project("{FAE04EC0-301F-11D3-BF4B-00C04F79EFBC}") = "TextAnalyticsBot.DataModel", "TextAnalyticsBot.DataModel\TextAnalyticsBot.DataModel.csproj", "{D65D64A0-1561-4056-966A-EB69CB7DFB76}"
EndProject
Project("{FAE04EC0-301F-11D3-BF4B-00C04F79EFBC}") = "TextAnalyticsBot.Api", "TextAnalyticsBot.Api\TextAnalyticsBot.Api.csproj", "{A56D16B4-BA21-442B-BA61-776119CCD291}"
EndProject
Global
	GlobalSection(SolutionConfigurationPlatforms) = preSolution
		Debug|Any CPU = Debug|Any CPU
		Release|Any CPU = Release|Any CPU
	EndGlobalSection
	GlobalSection(ProjectConfigurationPlatforms) = postSolution
		{A8BA1066-5695-4D71-ABB4-65E5A5E0C3D4}.Debug|Any CPU.ActiveCfg = Debug|Any CPU
		{A8BA1066-5695-4D71-ABB4-65E5A5E0C3D4}.Debug|Any CPU.Build.0 = Debug|Any CPU
		{A8BA1066-5695-4D71-ABB4-65E5A5E0C3D4}.Release|Any CPU.ActiveCfg = Release|Any CPU
		{A8BA1066-5695-4D71-ABB4-65E5A5E0C3D4}.Release|Any CPU.Build.0 = Release|Any CPU
		{D65D64A0-1561-4056-966A-EB69CB7DFB76}.Debug|Any CPU.ActiveCfg = Debug|Any CPU
		{D65D64A0-1561-4056-966A-EB69CB7DFB76}.Debug|Any CPU.Build.0 = Debug|Any CPU
		{D65D64A0-1561-4056-966A-EB69CB7DFB76}.Release|Any CPU.ActiveCfg = Release|Any CPU
		{D65D64A0-1561-4056-966A-EB69CB7DFB76}.Release|Any CPU.Build.0 = Release|Any CPU
		{A56D16B4-BA21-442B-BA61-776119CCD291}.Debug|Any CPU.ActiveCfg = Debug|Any CPU
		{A56D16B4-BA21-442B-BA61-776119CCD291}.Debug|Any CPU.Build.0 = Debug|Any CPU
		{A56D16B4-BA21-442B-BA61-776119CCD291}.Release|Any CPU.ActiveCfg = Release|Any CPU
		{A56D16B4-BA21-442B-BA61-776119CCD291}.Release|Any CPU.Build.0 = Release|Any CPU
	EndGlobalSection
	GlobalSection(SolutionProperties) = preSolution
		HideSolutionNode = FALSE
	EndGlobalSection
EndGlobal
